
Microsoft Visual Studio Solution File, Format Version 12.00
# Visual Studio Version 17
VisualStudioVersion = 17.9.34902.65
MinimumVisualStudioVersion = 10.0.40219.1
Project("{FAE04EC0-301F-11D3-BF4B-00C04F79EFBC}") = "RealEstate_Dapper_Api", "RealEstate_Dapper_Api\RealEstate_Dapper_Api.csproj", "{0D64164B-BBBF-4521-BF07-E531E0E95500}"
EndProject
Project("{FAE04EC0-301F-11D3-BF4B-00C04F79EFBC}") = "RealEstate_Dapper_UI", "RealEstate_Dapper_UI\RealEstate_Dapper_UI.csproj", "{FBA8919F-341B-469D-A71D-943F1AEFAB9C}"
EndProject
Global
	GlobalSection(SolutionConfigurationPlatforms) = preSolution
		Debug|Any CPU = Debug|Any CPU
		Release|Any CPU = Release|Any CPU
	EndGlobalSection
	GlobalSection(ProjectConfigurationPlatforms) = postSolution
		{0D64164B-BBBF-4521-BF07-E531E0E95500}.Debug|Any CPU.ActiveCfg = Debug|Any CPU
		{0D64164B-BBBF-4521-BF07-E531E0E95500}.Debug|Any CPU.Build.0 = Debug|Any CPU
		{0D64164B-BBBF-4521-BF07-E531E0E95500}.Release|Any CPU.ActiveCfg = Release|Any CPU
		{0D64164B-BBBF-4521-BF07-E531E0E95500}.Release|Any CPU.Build.0 = Release|Any CPU
		{FBA8919F-341B-469D-A71D-943F1AEFAB9C}.Debug|Any CPU.ActiveCfg = Debug|Any CPU
		{FBA8919F-341B-469D-A71D-943F1AEFAB9C}.Debug|Any CPU.Build.0 = Debug|Any CPU
		{FBA8919F-341B-469D-A71D-943F1AEFAB9C}.Release|Any CPU.ActiveCfg = Release|Any CPU
		{FBA8919F-341B-469D-A71D-943F1AEFAB9C}.Release|Any CPU.Build.0 = Release|Any CPU
	EndGlobalSection
	GlobalSection(SolutionProperties) = preSolution
		HideSolutionNode = FALSE
	EndGlobalSection
	GlobalSection(ExtensibilityGlobals) = postSolution
		SolutionGuid = {DA92E689-1A5A-4360-B4BC-8C9A2C8434E5}
	EndGlobalSection
EndGlobal
